
Microsoft Visual Studio Solution File, Format Version 12.00
Project("{FAE04EC0-301F-11D3-BF4B-00C04F79EFBC}") = "Day1", "Day1\Day1.csproj", "{81EB0206-BBD5-46F1-B890-7EDE91890A19}"
EndProject
Project("{FAE04EC0-301F-11D3-BF4B-00C04F79EFBC}") = "Core", "Core\Core.csproj", "{BE8B757D-277D-45E3-92EC-111163EA1654}"
EndProject
Project("{FAE04EC0-301F-11D3-BF4B-00C04F79EFBC}") = "Day2", "Day2\Day2.csproj", "{7FC24879-4C09-4612-9F1E-EF3FF91F807C}"
EndProject
Project("{FAE04EC0-301F-11D3-BF4B-00C04F79EFBC}") = "Day3", "Day3\Day3.csproj", "{92701792-AB2E-42DE-A907-B1E622472EB4}"
EndProject
Project("{FAE04EC0-301F-11D3-BF4B-00C04F79EFBC}") = "Day4", "Day4\Day4.csproj", "{753891B8-A881-4DD3-9015-660F335426D3}"
EndProject
Project("{FAE04EC0-301F-11D3-BF4B-00C04F79EFBC}") = "Day5", "Day5\Day5.csproj", "{BAE59621-5F62-47EC-98CC-6DFEA5BEB80E}"
EndProject
Project("{FAE04EC0-301F-11D3-BF4B-00C04F79EFBC}") = "Day6", "Day6\Day6.csproj", "{11276E6F-D691-4E65-A6B3-DF97F8E39CDA}"
EndProject
Project("{FAE04EC0-301F-11D3-BF4B-00C04F79EFBC}") = "Day7", "Day7\Day7.csproj", "{2CFF6ED4-21E7-41CA-B849-B5B2CE94FF09}"
EndProject
Project("{FAE04EC0-301F-11D3-BF4B-00C04F79EFBC}") = "Day8", "Day8\Day8.csproj", "{04983A8F-14D2-42ED-ABAA-1055C8F1C7C3}"
EndProject
Project("{FAE04EC0-301F-11D3-BF4B-00C04F79EFBC}") = "Day9", "Day9\Day9.csproj", "{D0029BAA-4AE1-4656-9A94-86D19DA901AD}"
EndProject
Project("{FAE04EC0-301F-11D3-BF4B-00C04F79EFBC}") = "Day10", "Day10\Day10.csproj", "{53377922-3EC4-4834-BFCA-E354CC4151D8}"
EndProject
Project("{FAE04EC0-301F-11D3-BF4B-00C04F79EFBC}") = "Day11", "Day11\Day11.csproj", "{09DA5657-2B81-4DC3-9C40-9B390FCA81BC}"
EndProject
Project("{FAE04EC0-301F-11D3-BF4B-00C04F79EFBC}") = "Day12", "Day12\Day12.csproj", "{638EEB32-3311-44A3-9D4A-B1E1C4E7FE24}"
EndProject
Global
	GlobalSection(SolutionConfigurationPlatforms) = preSolution
		Debug|Any CPU = Debug|Any CPU
		Release|Any CPU = Release|Any CPU
	EndGlobalSection
	GlobalSection(ProjectConfigurationPlatforms) = postSolution
		{81EB0206-BBD5-46F1-B890-7EDE91890A19}.Debug|Any CPU.ActiveCfg = Debug|Any CPU
		{81EB0206-BBD5-46F1-B890-7EDE91890A19}.Debug|Any CPU.Build.0 = Debug|Any CPU
		{81EB0206-BBD5-46F1-B890-7EDE91890A19}.Release|Any CPU.ActiveCfg = Release|Any CPU
		{81EB0206-BBD5-46F1-B890-7EDE91890A19}.Release|Any CPU.Build.0 = Release|Any CPU
		{BE8B757D-277D-45E3-92EC-111163EA1654}.Debug|Any CPU.ActiveCfg = Debug|Any CPU
		{BE8B757D-277D-45E3-92EC-111163EA1654}.Debug|Any CPU.Build.0 = Debug|Any CPU
		{BE8B757D-277D-45E3-92EC-111163EA1654}.Release|Any CPU.ActiveCfg = Release|Any CPU
		{BE8B757D-277D-45E3-92EC-111163EA1654}.Release|Any CPU.Build.0 = Release|Any CPU
		{7FC24879-4C09-4612-9F1E-EF3FF91F807C}.Debug|Any CPU.ActiveCfg = Debug|Any CPU
		{7FC24879-4C09-4612-9F1E-EF3FF91F807C}.Debug|Any CPU.Build.0 = Debug|Any CPU
		{7FC24879-4C09-4612-9F1E-EF3FF91F807C}.Release|Any CPU.ActiveCfg = Release|Any CPU
		{7FC24879-4C09-4612-9F1E-EF3FF91F807C}.Release|Any CPU.Build.0 = Release|Any CPU
		{92701792-AB2E-42DE-A907-B1E622472EB4}.Debug|Any CPU.ActiveCfg = Debug|Any CPU
		{92701792-AB2E-42DE-A907-B1E622472EB4}.Debug|Any CPU.Build.0 = Debug|Any CPU
		{92701792-AB2E-42DE-A907-B1E622472EB4}.Release|Any CPU.ActiveCfg = Release|Any CPU
		{92701792-AB2E-42DE-A907-B1E622472EB4}.Release|Any CPU.Build.0 = Release|Any CPU
		{753891B8-A881-4DD3-9015-660F335426D3}.Debug|Any CPU.ActiveCfg = Debug|Any CPU
		{753891B8-A881-4DD3-9015-660F335426D3}.Debug|Any CPU.Build.0 = Debug|Any CPU
		{753891B8-A881-4DD3-9015-660F335426D3}.Release|Any CPU.ActiveCfg = Release|Any CPU
		{753891B8-A881-4DD3-9015-660F335426D3}.Release|Any CPU.Build.0 = Release|Any CPU
		{BAE59621-5F62-47EC-98CC-6DFEA5BEB80E}.Debug|Any CPU.ActiveCfg = Debug|Any CPU
		{BAE59621-5F62-47EC-98CC-6DFEA5BEB80E}.Debug|Any CPU.Build.0 = Debug|Any CPU
		{BAE59621-5F62-47EC-98CC-6DFEA5BEB80E}.Release|Any CPU.ActiveCfg = Release|Any CPU
		{BAE59621-5F62-47EC-98CC-6DFEA5BEB80E}.Release|Any CPU.Build.0 = Release|Any CPU
		{11276E6F-D691-4E65-A6B3-DF97F8E39CDA}.Debug|Any CPU.ActiveCfg = Debug|Any CPU
		{11276E6F-D691-4E65-A6B3-DF97F8E39CDA}.Debug|Any CPU.Build.0 = Debug|Any CPU
		{11276E6F-D691-4E65-A6B3-DF97F8E39CDA}.Release|Any CPU.ActiveCfg = Release|Any CPU
		{11276E6F-D691-4E65-A6B3-DF97F8E39CDA}.Release|Any CPU.Build.0 = Release|Any CPU
		{2CFF6ED4-21E7-41CA-B849-B5B2CE94FF09}.Debug|Any CPU.ActiveCfg = Debug|Any CPU
		{2CFF6ED4-21E7-41CA-B849-B5B2CE94FF09}.Debug|Any CPU.Build.0 = Debug|Any CPU
		{2CFF6ED4-21E7-41CA-B849-B5B2CE94FF09}.Release|Any CPU.ActiveCfg = Release|Any CPU
		{2CFF6ED4-21E7-41CA-B849-B5B2CE94FF09}.Release|Any CPU.Build.0 = Release|Any CPU
		{04983A8F-14D2-42ED-ABAA-1055C8F1C7C3}.Debug|Any CPU.ActiveCfg = Debug|Any CPU
		{04983A8F-14D2-42ED-ABAA-1055C8F1C7C3}.Debug|Any CPU.Build.0 = Debug|Any CPU
		{04983A8F-14D2-42ED-ABAA-1055C8F1C7C3}.Release|Any CPU.ActiveCfg = Release|Any CPU
		{04983A8F-14D2-42ED-ABAA-1055C8F1C7C3}.Release|Any CPU.Build.0 = Release|Any CPU
		{D0029BAA-4AE1-4656-9A94-86D19DA901AD}.Debug|Any CPU.ActiveCfg = Debug|Any CPU
		{D0029BAA-4AE1-4656-9A94-86D19DA901AD}.Debug|Any CPU.Build.0 = Debug|Any CPU
		{D0029BAA-4AE1-4656-9A94-86D19DA901AD}.Release|Any CPU.ActiveCfg = Release|Any CPU
		{D0029BAA-4AE1-4656-9A94-86D19DA901AD}.Release|Any CPU.Build.0 = Release|Any CPU
		{53377922-3EC4-4834-BFCA-E354CC4151D8}.Debug|Any CPU.ActiveCfg = Debug|Any CPU
		{53377922-3EC4-4834-BFCA-E354CC4151D8}.Debug|Any CPU.Build.0 = Debug|Any CPU
		{53377922-3EC4-4834-BFCA-E354CC4151D8}.Release|Any CPU.ActiveCfg = Release|Any CPU
		{53377922-3EC4-4834-BFCA-E354CC4151D8}.Release|Any CPU.Build.0 = Release|Any CPU
		{09DA5657-2B81-4DC3-9C40-9B390FCA81BC}.Debug|Any CPU.ActiveCfg = Debug|Any CPU
		{09DA5657-2B81-4DC3-9C40-9B390FCA81BC}.Debug|Any CPU.Build.0 = Debug|Any CPU
		{09DA5657-2B81-4DC3-9C40-9B390FCA81BC}.Release|Any CPU.ActiveCfg = Release|Any CPU
		{09DA5657-2B81-4DC3-9C40-9B390FCA81BC}.Release|Any CPU.Build.0 = Release|Any CPU
		{638EEB32-3311-44A3-9D4A-B1E1C4E7FE24}.Debug|Any CPU.ActiveCfg = Debug|Any CPU
		{638EEB32-3311-44A3-9D4A-B1E1C4E7FE24}.Debug|Any CPU.Build.0 = Debug|Any CPU
		{638EEB32-3311-44A3-9D4A-B1E1C4E7FE24}.Release|Any CPU.ActiveCfg = Release|Any CPU
		{638EEB32-3311-44A3-9D4A-B1E1C4E7FE24}.Release|Any CPU.Build.0 = Release|Any CPU
	EndGlobalSection
EndGlobal
